
Microsoft Visual Studio Solution File, Format Version 11.00
# Visual C# Express 2010
Project("{FAE04EC0-301F-11D3-BF4B-00C04F79EFBC}") = "Calc", "Calc\Calc.csproj", "{4CFA236F-75EB-48FB-9A35-8C7BB041A2DD}"
EndProject
Global
	GlobalSection(SolutionConfigurationPlatforms) = preSolution
		Debug|x86 = Debug|x86
		Release|x86 = Release|x86
	EndGlobalSection
	GlobalSection(ProjectConfigurationPlatforms) = postSolution
		{4CFA236F-75EB-48FB-9A35-8C7BB041A2DD}.Debug|x86.ActiveCfg = Debug|x86
		{4CFA236F-75EB-48FB-9A35-8C7BB041A2DD}.Debug|x86.Build.0 = Debug|x86
		{4CFA236F-75EB-48FB-9A35-8C7BB041A2DD}.Release|x86.ActiveCfg = Release|x86
		{4CFA236F-75EB-48FB-9A35-8C7BB041A2DD}.Release|x86.Build.0 = Release|x86
	EndGlobalSection
	GlobalSection(SolutionProperties) = preSolution
		HideSolutionNode = FALSE
	EndGlobalSection
EndGlobal
